
Microsoft Visual Studio Solution File, Format Version 12.00
# Visual Studio Version 17
VisualStudioVersion = 17.14.36603.0 d17.14
MinimumVisualStudioVersion = 10.0.40219.1
Project("{FAE04EC0-301F-11D3-BF4B-00C04F79EFBC}") = "slider", "slider\slider.csproj", "{5C975048-373F-4BA4-9AB8-AD508643B730}"
EndProject
Global
	GlobalSection(SolutionConfigurationPlatforms) = preSolution
		Debug|Any CPU = Debug|Any CPU
		Release|Any CPU = Release|Any CPU
	EndGlobalSection
	GlobalSection(ProjectConfigurationPlatforms) = postSolution
		{5C975048-373F-4BA4-9AB8-AD508643B730}.Debug|Any CPU.ActiveCfg = Debug|Any CPU
		{5C975048-373F-4BA4-9AB8-AD508643B730}.Debug|Any CPU.Build.0 = Debug|Any CPU
		{5C975048-373F-4BA4-9AB8-AD508643B730}.Release|Any CPU.ActiveCfg = Release|Any CPU
		{5C975048-373F-4BA4-9AB8-AD508643B730}.Release|Any CPU.Build.0 = Release|Any CPU
	EndGlobalSection
	GlobalSection(SolutionProperties) = preSolution
		HideSolutionNode = FALSE
	EndGlobalSection
	GlobalSection(ExtensibilityGlobals) = postSolution
		SolutionGuid = {33DE5DD6-A3A5-4675-B6AA-D62DB9277BB5}
	EndGlobalSection
EndGlobal
